// !$*UTF8*$!
{
	archiveVersion = 1;
	classes = {
	};
	objectVersion = 50;
	objects = {

/* Begin PBXBuildFile section */
		72614D3024115C7A00D32498 /* AppDelegate.swift in Sources */ = {isa = PBXBuildFile; fileRef = 72614D2F24115C7A00D32498 /* AppDelegate.swift */; };
		72614D3224115C7A00D32498 /* SceneDelegate.swift in Sources */ = {isa = PBXBuildFile; fileRef = 72614D3124115C7A00D32498 /* SceneDelegate.swift */; };
		72614D3424115C7A00D32498 /* ViewController.swift in Sources */ = {isa = PBXBuildFile; fileRef = 72614D3324115C7A00D32498 /* ViewController.swift */; };
		72614D3724115C7A00D32498 /* Main.storyboard in Resources */ = {isa = PBXBuildFile; fileRef = 72614D3524115C7A00D32498 /* Main.storyboard */; };
		72614D3924115C7D00D32498 /* Assets.xcassets in Resources */ = {isa = PBXBuildFile; fileRef = 72614D3824115C7D00D32498 /* Assets.xcassets */; };
		72614D3C24115C7D00D32498 /* LaunchScreen.storyboard in Resources */ = {isa = PBXBuildFile; fileRef = 72614D3A24115C7D00D32498 /* LaunchScreen.storyboard */; };
		72614D4424115F8700D32498 /* EditorViewcontroller.swift in Sources */ = {isa = PBXBuildFile; fileRef = 72614D4324115F8700D32498 /* EditorViewcontroller.swift */; };
/* End PBXBuildFile section */

/* Begin PBXFileReference section */
		72614D2C24115C7A00D32498 /* E01_MultiViews.app */ = {isa = PBXFileReference; explicitFileType = wrapper.application; includeInIndex = 0; path = E01_MultiViews.app; sourceTree = BUILT_PRODUCTS_DIR; };
		72614D2F24115C7A00D32498 /* AppDelegate.swift */ = {isa = PBXFileReference; lastKnownFileType = sourcecode.swift; path = AppDelegate.swift; sourceTree = "<group>"; };
		72614D3124115C7A00D32498 /* SceneDelegate.swift */ = {isa = PBXFileReference; lastKnownFileType = sourcecode.swift; path = SceneDelegate.swift; sourceTree = "<group>"; };
		72614D3324115C7A00D32498 /* ViewController.swift */ = {isa = PBXFileReference; lastKnownFileType = sourcecode.swift; path = ViewController.swift; sourceTree = "<group>"; };
		72614D3624115C7A00D32498 /* Base */ = {isa = PBXFileReference; lastKnownFileType = file.storyboard; name = Base; path = Base.lproj/Main.storyboard; sourceTree = "<group>"; };
		72614D3824115C7D00D32498 /* Assets.xcassets */ = {isa = PBXFileReference; lastKnownFileType = folder.assetcatalog; path = Assets.xcassets; sourceTree = "<group>"; };
		72614D3B24115C7D00D32498 /* Base */ = {isa = PBXFileReference; lastKnownFileType = file.storyboard; name = Base; path = Base.lproj/LaunchScreen.storyboard; sourceTree = "<group>"; };
		72614D3D24115C7D00D32498 /* Info.plist */ = {isa = PBXFileReference; lastKnownFileType = text.plist.xml; path = Info.plist; sourceTree = "<group>"; };
		72614D4324115F8700D32498 /* EditorViewcontroller.swift */ = {isa = PBXFileReference; lastKnownFileType = sourcecode.swift; path = EditorViewcontroller.swift; sourceTree = "<group>"; };
/* End PBXFileReference section */

/* Begin PBXFrameworksBuildPhase section */
		72614D2924115C7A00D32498 /* Frameworks */ = {
			isa = PBXFrameworksBuildPhase;
			buildActionMask = 2147483647;
			files = (
			);
			runOnlyForDeploymentPostprocessing = 0;
		};
/* End PBXFrameworksBuildPhase section */

/* Begin PBXGroup section */
		72614D2324115C7A00D32498 = {
			isa = PBXGroup;
			children = (
				72614D2E24115C7A00D32498 /* E01_MultiViews */,
				72614D2D24115C7A00D32498 /* Products */,
			);
			sourceTree = "<group>";
		};
		72614D2D24115C7A00D32498 /* Products */ = {
			isa = PBXGroup;
			children = (
				72614D2C24115C7A00D32498 /* E01_MultiViews.app */,
			);
			name = Products;
			sourceTree = "<group>";
		};
		72614D2E24115C7A00D32498 /* E01_MultiViews */ = {
			isa = PBXGroup;
			children = (
				72614D2F24115C7A00D32498 /* AppDelegate.swift */,
				72614D3124115C7A00D32498 /* SceneDelegate.swift */,
				72614D3324115C7A00D32498 /* ViewController.swift */,
				72614D3524115C7A00D32498 /* Main.storyboard */,
				72614D3824115C7D00D32498 /* Assets.xcassets */,
				72614D3A24115C7D00D32498 /* LaunchScreen.storyboard */,
				72614D3D24115C7D00D32498 /* Info.plist */,
				72614D4324115F8700D32498 /* EditorViewcontroller.swift */,
			);
			path = E01_MultiViews;
			sourceTree = "<group>";
		};
/* End PBXGroup section */

/* Begin PBXNativeTarget section */
		72614D2B24115C7A00D32498 /* E01_MultiViews */ = {
			isa = PBXNativeTarget;
			buildConfigurationList = 72614D4024115C7D00D32498 /* Build configuration list for PBXNativeTarget "E01_MultiViews" */;
			buildPhases = (
				72614D2824115C7A00D32498 /* Sources */,
				72614D2924115C7A00D32498 /* Frameworks */,
				72614D2A24115C7A00D32498 /* Resources */,
			);
			buildRules = (
			);
			dependencies = (
			);
			name = E01_MultiViews;
			productName = E01_MultiViews;
			productReference = 72614D2C24115C7A00D32498 /* E01_MultiViews.app */;
			productType = "com.apple.product-type.application";
		};
/* End PBXNativeTarget section */

/* Begin PBXProject section */
		72614D2424115C7A00D32498 /* Project object */ = {
			isa = PBXProject;
			attributes = {
				LastSwiftUpdateCheck = 1130;
				LastUpgradeCheck = 1130;
				ORGANIZATIONNAME = "Alex Stalter";
				TargetAttributes = {
					72614D2B24115C7A00D32498 = {
						CreatedOnToolsVersion = 11.3.1;
					};
				};
			};
			buildConfigurationList = 72614D2724115C7A00D32498 /* Build configuration list for PBXProject "E01_MultiViews" */;
			compatibilityVersion = "Xcode 9.3";
			developmentRegion = en;
			hasScannedForEncodings = 0;
			knownRegions = (
				en,
				Base,
			);
			mainGroup = 72614D2324115C7A00D32498;
			productRefGroup = 72614D2D24115C7A00D32498 /* Products */;
			projectDirPath = "";
			projectRoot = "";
			targets = (
				72614D2B24115C7A00D32498 /* E01_MultiViews */,
			);
		};
/* End PBXProject section */

/* Begin PBXResourcesBuildPhase section */
		72614D2A24115C7A00D32498 /* Resources */ = {
			isa = PBXResourcesBuildPhase;
			buildActionMask = 2147483647;
			files = (
				72614D3C24115C7D00D32498 /* LaunchScreen.storyboard in Resources */,
				72614D3924115C7D00D32498 /* Assets.xcassets in Resources */,
				72614D3724115C7A00D32498 /* Main.storyboard in Resources */,
			);
			runOnlyForDeploymentPostprocessing = 0;
		};
/* End PBXResourcesBuildPhase section */

/* Begin PBXSourcesBuildPhase section */
		72614D2824115C7A00D32498 /* Sources */ = {
			isa = PBXSourcesBuildPhase;
			buildActionMask = 2147483647;
			files = (
				72614D3424115C7A00D32498 /* ViewController.swift in Sources */,
				72614D3024115C7A00D32498 /* AppDelegate.swift in Sources */,
				72614D3224115C7A00D32498 /* SceneDelegate.swift in Sources */,
				72614D4424115F8700D32498 /* EditorViewcontroller.swift in Sources */,
			);
			runOnlyForDeploymentPostprocessing = 0;
		};
/* End PBXSourcesBuildPhase section */

/* Begin PBXVariantGroup section */
		72614D3524115C7A00D32498 /* Main.storyboard */ = {
			isa = PBXVariantGroup;
			children = (
				72614D3624115C7A00D32498 /* Base */,
			);
			name = Main.storyboard;
			sourceTree = "<group>";
		};
		72614D3A24115C7D00D32498 /* LaunchScreen.storyboard */ = {
			isa = PBXVariantGroup;
			children = (
				72614D3B24115C7D00D32498 /* Base */,
			);
			name = LaunchScreen.storyboard;
			sourceTree = "<group>";
		};
/* End PBXVariantGroup section */

/* Begin XCBuildConfiguration section */
		72614D3E24115C7D00D32498 /* Debug */ = {
			isa = XCBuildConfiguration;
			buildSettings = {
				ALWAYS_SEARCH_USER_PATHS = NO;
				CLANG_ANALYZER_NONNULL = YES;
				CLANG_ANALYZER_NUMBER_OBJECT_CONVERSION = YES_AGGRESSIVE;
				CLANG_CXX_LANGUAGE_STANDARD = "gnu++14";
				CLANG_CXX_LIBRARY = "libc++";
				CLANG_ENABLE_MODULES = YES;
				CLANG_ENABLE_OBJC_ARC = YES;
				CLANG_ENABLE_OBJC_WEAK = YES;
				CLANG_WARN_BLOCK_CAPTURE_AUTORELEASING = YES;
				CLANG_WARN_BOOL_CONVERSION = YES;
				CLANG_WARN_COMMA = YES;
				CLANG_WARN_CONSTANT_CONVERSION = YES;
				CLANG_WARN_DEPRECATED_OBJC_IMPLEMENTATIONS = YES;
				CLANG_WARN_DIRECT_OBJC_ISA_USAGE = YES_ERROR;
				CLANG_WARN_DOCUMENTATION_COMMENTS = YES;
				CLANG_WARN_EMPTY_BODY = YES;
				CLANG_WARN_ENUM_CONVERSION = YES;
				CLANG_WARN_INFINITE_RECURSION = YES;
				CLANG_WARN_INT_CONVERSION = YES;
				CLANG_WARN_NON_LITERAL_NULL_CONVERSION = YES;
				CLANG_WARN_OBJC_IMPLICIT_RETAIN_SELF = YES;
				CLANG_WARN_OBJC_LITERAL_CONVERSION = YES;
				CLANG_WARN_OBJC_ROOT_CLASS = YES_ERROR;
				CLANG_WARN_RANGE_LOOP_ANALYSIS = YES;
				CLANG_WARN_STRICT_PROTOTYPES = YES;
				CLANG_WARN_SUSPICIOUS_MOVE = YES;
				CLANG_WARN_UNGUARDED_AVAILABILITY = YES_AGGRESSIVE;
				CLANG_WARN_UNREACHABLE_CODE = YES;
				CLANG_WARN__DUPLICATE_METHOD_MATCH = YES;
				COPY_PHASE_STRIP = NO;
				DEBUG_INFORMATION_FORMAT = dwarf;
				ENABLE_STRICT_OBJC_MSGSEND = YES;
				ENABLE_TESTABILITY = YES;
				GCC_C_LANGUAGE_STANDARD = gnu11;
				GCC_DYNAMIC_NO_PIC = NO;
				GCC_NO_COMMON_BLOCKS = YES;
				GCC_OPTIMIZATION_LEVEL = 0;
				GCC_PREPROCESSOR_DEFINITIONS = (
					"DEBUG=1",
					"$(inherited)",
				);
				GCC_WARN_64_TO_32_BIT_CONVERSION = YES;
				GCC_WARN_ABOUT_RETURN_TYPE = YES_ERROR;
				GCC_WARN_UNDECLARED_SELECTOR = YES;
				GCC_WARN_UNINITIALIZED_AUTOS = YES_AGGRESSIVE;
				GCC_WARN_UNUSED_FUNCTION = YES;
				GCC_WARN_UNUSED_VARIABLE = YES;
				IPHONEOS_DEPLOYMENT_TARGET = 13.2;
				MTL_ENABLE_DEBUG_INFO = INCLUDE_SOURCE;
				MTL_FAST_MATH = YES;
				ONLY_ACTIVE_ARCH = YES;
				SDKROOT = iphoneos;
				SWIFT_ACTIVE_COMPILATION_CONDITIONS = DEBUG;
				SWIFT_OPTIMIZATION_LEVEL = "-Onone";
			};
			name = Debug;
		};
		72614D3F24115C7D00D32498 /* Release */ = {
			isa = XCBuildConfiguration;
			buildSettings = {
				ALWAYS_SEARCH_USER_PATHS = NO;
				CLANG_ANALYZER_NONNULL = YES;
				CLANG_ANALYZER_NUMBER_OBJECT_CONVERSION = YES_AGGRESSIVE;
				CLANG_CXX_LANGUAGE_STANDARD = "gnu++14";
				CLANG_CXX_LIBRARY = "libc++";
				CLANG_ENABLE_MODULES = YES;
				CLANG_ENABLE_OBJC_ARC = YES;
				CLANG_ENABLE_OBJC_WEAK = YES;
				CLANG_WARN_BLOCK_CAPTURE_AUTORELEASING = YES;
				CLANG_WARN_BOOL_CONVERSION = YES;
				CLANG_WARN_COMMA = YES;
				CLANG_WARN_CONSTANT_CONVERSION = YES;
				CLANG_WARN_DEPRECATED_OBJC_IMPLEMENTATIONS = YES;
				CLANG_WARN_DIRECT_OBJC_ISA_USAGE = YES_ERROR;
				CLANG_WARN_DOCUMENTATION_COMMENTS = YES;
				CLANG_WARN_EMPTY_BODY = YES;
				CLANG_WARN_ENUM_CONVERSION = YES;
				CLANG_WARN_INFINITE_RECURSION = YES;
				CLANG_WARN_INT_CONVERSION = YES;
				CLANG_WARN_NON_LITERAL_NULL_CONVERSION = YES;
				CLANG_WARN_OBJC_IMPLICIT_RETAIN_SELF = YES;
				CLANG_WARN_OBJC_LITERAL_CONVERSION = YES;
				CLANG_WARN_OBJC_ROOT_CLASS = YES_ERROR;
				CLANG_WARN_RANGE_LOOP_ANALYSIS = YES;
				CLANG_WARN_STRICT_PROTOTYPES = YES;
				CLANG_WARN_SUSPICIOUS_MOVE = YES;
				CLANG_WARN_UNGUARDED_AVAILABILITY = YES_AGGRESSIVE;
				CLANG_WARN_UNREACHABLE_CODE = YES;
				CLANG_WARN__DUPLICATE_METHOD_MATCH = YES;
				COPY_PHASE_STRIP = NO;
				DEBUG_INFORMATION_FORMAT = "dwarf-with-dsym";
				ENABLE_NS_ASSERTIONS = NO;
				ENABLE_STRICT_OBJC_MSGSEND = YES;
				GCC_C_LANGUAGE_STANDARD = gnu11;
				GCC_NO_COMMON_BLOCKS = YES;
				GCC_WARN_64_TO_32_BIT_CONVERSION = YES;
				GCC_WARN_ABOUT_RETURN_TYPE = YES_ERROR;
				GCC_WARN_UNDECLARED_SELECTOR = YES;
				GCC_WARN_UNINITIALIZED_AUTOS = YES_AGGRESSIVE;
				GCC_WARN_UNUSED_FUNCTION = YES;
				GCC_WARN_UNUSED_VARIABLE = YES;
				IPHONEOS_DEPLOYMENT_TARGET = 13.2;
				MTL_ENABLE_DEBUG_INFO = NO;
				MTL_FAST_MATH = YES;
				SDKROOT = iphoneos;
				SWIFT_COMPILATION_MODE = wholemodule;
				SWIFT_OPTIMIZATION_LEVEL = "-O";
				VALIDATE_PRODUCT = YES;
			};
			name = Release;
		};
		72614D4124115C7D00D32498 /* Debug */ = {
			isa = XCBuildConfiguration;
			buildSettings = {
				ASSETCATALOG_COMPILER_APPICON_NAME = AppIcon;
				CODE_SIGN_STYLE = Automatic;
				DEVELOPMENT_TEAM = SY54GNKQ42;
				INFOPLIST_FILE = E01_MultiViews/Info.plist;
				LD_RUNPATH_SEARCH_PATHS = (
					"$(inherited)",
					"@executable_path/Frameworks",
				);
				PRODUCT_BUNDLE_IDENTIFIER = "Stalter.E01-MultiViews";
				PRODUCT_NAME = "$(TARGET_NAME)";
				SWIFT_VERSION = 5.0;
				TARGETED_DEVICE_FAMILY = "1,2";
			};
			name = Debug;
		};
		72614D4224115C7D00D32498 /* Release */ = {
			isa = XCBuildConfiguration;
			buildSettings = {
				ASSETCATALOG_COMPILER_APPICON_NAME = AppIcon;
				CODE_SIGN_STYLE = Automatic;
				DEVELOPMENT_TEAM = SY54GNKQ42;
				INFOPLIST_FILE = E01_MultiViews/Info.plist;
				LD_RUNPATH_SEARCH_PATHS = (
					"$(inherited)",
					"@executable_path/Frameworks",
				);
				PRODUCT_BUNDLE_IDENTIFIER = "Stalter.E01-MultiViews";
				PRODUCT_NAME = "$(TARGET_NAME)";
				SWIFT_VERSION = 5.0;
				TARGETED_DEVICE_FAMILY = "1,2";
			};
			name = Release;
		};
/* End XCBuildConfiguration section */

/* Begin XCConfigurationList section */
		72614D2724115C7A00D32498 /* Build configuration list for PBXProject "E01_MultiViews" */ = {
			isa = XCConfigurationList;
			buildConfigurations = (
				72614D3E24115C7D00D32498 /* Debug */,
				72614D3F24115C7D00D32498 /* Release */,
			);
			defaultConfigurationIsVisible = 0;
			defaultConfigurationName = Release;
		};
		72614D4024115C7D00D32498 /* Build configuration list for PBXNativeTarget "E01_MultiViews" */ = {
			isa = XCConfigurationList;
			buildConfigurations = (
				72614D4124115C7D00D32498 /* Debug */,
				72614D4224115C7D00D32498 /* Release */,
			);
			defaultConfigurationIsVisible = 0;
			defaultConfigurationName = Release;
		};
/* End XCConfigurationList section */
	};
	rootObject = 72614D2424115C7A00D32498 /* Project object */;
}
